
Microsoft Visual Studio Solution File, Format Version 12.00
# Visual Studio Version 17
VisualStudioVersion = 17.7.34031.279
MinimumVisualStudioVersion = 10.0.40219.1
Project("{FAE04EC0-301F-11D3-BF4B-00C04F79EFBC}") = "ElectionResults", "ElectionResults\ElectionResults.csproj", "{731B52B9-A638-4E93-B06F-466AEE0E2AFA}"
EndProject
Global
	GlobalSection(SolutionConfigurationPlatforms) = preSolution
		Debug|Any CPU = Debug|Any CPU
		Release|Any CPU = Release|Any CPU
	EndGlobalSection
	GlobalSection(ProjectConfigurationPlatforms) = postSolution
		{731B52B9-A638-4E93-B06F-466AEE0E2AFA}.Debug|Any CPU.ActiveCfg = Debug|Any CPU
		{731B52B9-A638-4E93-B06F-466AEE0E2AFA}.Debug|Any CPU.Build.0 = Debug|Any CPU
		{731B52B9-A638-4E93-B06F-466AEE0E2AFA}.Release|Any CPU.ActiveCfg = Release|Any CPU
		{731B52B9-A638-4E93-B06F-466AEE0E2AFA}.Release|Any CPU.Build.0 = Release|Any CPU
	EndGlobalSection
	GlobalSection(SolutionProperties) = preSolution
		HideSolutionNode = FALSE
	EndGlobalSection
	GlobalSection(ExtensibilityGlobals) = postSolution
		SolutionGuid = {9ED3D5FE-47DF-46A9-B285-692C326B49A3}
	EndGlobalSection
EndGlobal
